
Microsoft Visual Studio Solution File, Format Version 12.00
# Visual Studio Version 16
VisualStudioVersion = 16.0.31025.194
MinimumVisualStudioVersion = 10.0.40219.1
Project("{FAE04EC0-301F-11D3-BF4B-00C04F79EFBC}") = "Breweries.Android", "Breweries\Breweries.Android\Breweries.Android.csproj", "{9BAFE60B-659C-42A1-BB5D-DA095664FD79}"
EndProject
Project("{FAE04EC0-301F-11D3-BF4B-00C04F79EFBC}") = "Breweries.iOS", "Breweries\Breweries.iOS\Breweries.iOS.csproj", "{8AF63C78-F55A-4FB7-8E1E-33E0B9E7446F}"
EndProject
Project("{FAE04EC0-301F-11D3-BF4B-00C04F79EFBC}") = "Breweries", "Breweries\Breweries\Breweries.csproj", "{0691915E-29BB-4651-8076-C48564DF3E6B}"
EndProject
Global
	GlobalSection(SolutionConfigurationPlatforms) = preSolution
		Debug|Any CPU = Debug|Any CPU
		Debug|iPhone = Debug|iPhone
		Debug|iPhoneSimulator = Debug|iPhoneSimulator
		Release|Any CPU = Release|Any CPU
		Release|iPhone = Release|iPhone
		Release|iPhoneSimulator = Release|iPhoneSimulator
	EndGlobalSection
	GlobalSection(ProjectConfigurationPlatforms) = postSolution
		{9BAFE60B-659C-42A1-BB5D-DA095664FD79}.Debug|Any CPU.ActiveCfg = Debug|Any CPU
		{9BAFE60B-659C-42A1-BB5D-DA095664FD79}.Debug|Any CPU.Build.0 = Debug|Any CPU
		{9BAFE60B-659C-42A1-BB5D-DA095664FD79}.Debug|Any CPU.Deploy.0 = Debug|Any CPU
		{9BAFE60B-659C-42A1-BB5D-DA095664FD79}.Debug|iPhone.ActiveCfg = Debug|Any CPU
		{9BAFE60B-659C-42A1-BB5D-DA095664FD79}.Debug|iPhone.Build.0 = Debug|Any CPU
		{9BAFE60B-659C-42A1-BB5D-DA095664FD79}.Debug|iPhone.Deploy.0 = Debug|Any CPU
		{9BAFE60B-659C-42A1-BB5D-DA095664FD79}.Debug|iPhoneSimulator.ActiveCfg = Debug|Any CPU
		{9BAFE60B-659C-42A1-BB5D-DA095664FD79}.Debug|iPhoneSimulator.Build.0 = Debug|Any CPU
		{9BAFE60B-659C-42A1-BB5D-DA095664FD79}.Debug|iPhoneSimulator.Deploy.0 = Debug|Any CPU
		{9BAFE60B-659C-42A1-BB5D-DA095664FD79}.Release|Any CPU.ActiveCfg = Release|Any CPU
		{9BAFE60B-659C-42A1-BB5D-DA095664FD79}.Release|Any CPU.Build.0 = Release|Any CPU
		{9BAFE60B-659C-42A1-BB5D-DA095664FD79}.Release|Any CPU.Deploy.0 = Release|Any CPU
		{9BAFE60B-659C-42A1-BB5D-DA095664FD79}.Release|iPhone.ActiveCfg = Release|Any CPU
		{9BAFE60B-659C-42A1-BB5D-DA095664FD79}.Release|iPhone.Build.0 = Release|Any CPU
		{9BAFE60B-659C-42A1-BB5D-DA095664FD79}.Release|iPhone.Deploy.0 = Release|Any CPU
		{9BAFE60B-659C-42A1-BB5D-DA095664FD79}.Release|iPhoneSimulator.ActiveCfg = Release|Any CPU
		{9BAFE60B-659C-42A1-BB5D-DA095664FD79}.Release|iPhoneSimulator.Build.0 = Release|Any CPU
		{9BAFE60B-659C-42A1-BB5D-DA095664FD79}.Release|iPhoneSimulator.Deploy.0 = Release|Any CPU
		{8AF63C78-F55A-4FB7-8E1E-33E0B9E7446F}.Debug|Any CPU.ActiveCfg = Debug|iPhone
		{8AF63C78-F55A-4FB7-8E1E-33E0B9E7446F}.Debug|Any CPU.Build.0 = Debug|iPhone
		{8AF63C78-F55A-4FB7-8E1E-33E0B9E7446F}.Debug|Any CPU.Deploy.0 = Debug|iPhone
		{8AF63C78-F55A-4FB7-8E1E-33E0B9E7446F}.Debug|iPhone.ActiveCfg = Debug|iPhone
		{8AF63C78-F55A-4FB7-8E1E-33E0B9E7446F}.Debug|iPhone.Build.0 = Debug|iPhone
		{8AF63C78-F55A-4FB7-8E1E-33E0B9E7446F}.Debug|iPhone.Deploy.0 = Debug|iPhone
		{8AF63C78-F55A-4FB7-8E1E-33E0B9E7446F}.Debug|iPhoneSimulator.ActiveCfg = Debug|iPhoneSimulator
		{8AF63C78-F55A-4FB7-8E1E-33E0B9E7446F}.Debug|iPhoneSimulator.Build.0 = Debug|iPhoneSimulator
		{8AF63C78-F55A-4FB7-8E1E-33E0B9E7446F}.Debug|iPhoneSimulator.Deploy.0 = Debug|iPhoneSimulator
		{8AF63C78-F55A-4FB7-8E1E-33E0B9E7446F}.Release|Any CPU.ActiveCfg = Release|iPhoneSimulator
		{8AF63C78-F55A-4FB7-8E1E-33E0B9E7446F}.Release|Any CPU.Build.0 = Release|iPhoneSimulator
		{8AF63C78-F55A-4FB7-8E1E-33E0B9E7446F}.Release|Any CPU.Deploy.0 = Release|iPhoneSimulator
		{8AF63C78-F55A-4FB7-8E1E-33E0B9E7446F}.Release|iPhone.ActiveCfg = Release|iPhone
		{8AF63C78-F55A-4FB7-8E1E-33E0B9E7446F}.Release|iPhone.Build.0 = Release|iPhone
		{8AF63C78-F55A-4FB7-8E1E-33E0B9E7446F}.Release|iPhone.Deploy.0 = Release|iPhone
		{8AF63C78-F55A-4FB7-8E1E-33E0B9E7446F}.Release|iPhoneSimulator.ActiveCfg = Release|iPhoneSimulator
		{8AF63C78-F55A-4FB7-8E1E-33E0B9E7446F}.Release|iPhoneSimulator.Build.0 = Release|iPhoneSimulator
		{8AF63C78-F55A-4FB7-8E1E-33E0B9E7446F}.Release|iPhoneSimulator.Deploy.0 = Release|iPhoneSimulator
		{0691915E-29BB-4651-8076-C48564DF3E6B}.Debug|Any CPU.ActiveCfg = Debug|Any CPU
		{0691915E-29BB-4651-8076-C48564DF3E6B}.Debug|Any CPU.Build.0 = Debug|Any CPU
		{0691915E-29BB-4651-8076-C48564DF3E6B}.Debug|Any CPU.Deploy.0 = Debug|Any CPU
		{0691915E-29BB-4651-8076-C48564DF3E6B}.Debug|iPhone.ActiveCfg = Debug|Any CPU
		{0691915E-29BB-4651-8076-C48564DF3E6B}.Debug|iPhone.Build.0 = Debug|Any CPU
		{0691915E-29BB-4651-8076-C48564DF3E6B}.Debug|iPhone.Deploy.0 = Debug|Any CPU
		{0691915E-29BB-4651-8076-C48564DF3E6B}.Debug|iPhoneSimulator.ActiveCfg = Debug|Any CPU
		{0691915E-29BB-4651-8076-C48564DF3E6B}.Debug|iPhoneSimulator.Build.0 = Debug|Any CPU
		{0691915E-29BB-4651-8076-C48564DF3E6B}.Debug|iPhoneSimulator.Deploy.0 = Debug|Any CPU
		{0691915E-29BB-4651-8076-C48564DF3E6B}.Release|Any CPU.ActiveCfg = Release|Any CPU
		{0691915E-29BB-4651-8076-C48564DF3E6B}.Release|Any CPU.Build.0 = Release|Any CPU
		{0691915E-29BB-4651-8076-C48564DF3E6B}.Release|Any CPU.Deploy.0 = Release|Any CPU
		{0691915E-29BB-4651-8076-C48564DF3E6B}.Release|iPhone.ActiveCfg = Release|Any CPU
		{0691915E-29BB-4651-8076-C48564DF3E6B}.Release|iPhone.Build.0 = Release|Any CPU
		{0691915E-29BB-4651-8076-C48564DF3E6B}.Release|iPhone.Deploy.0 = Release|Any CPU
		{0691915E-29BB-4651-8076-C48564DF3E6B}.Release|iPhoneSimulator.ActiveCfg = Release|Any CPU
		{0691915E-29BB-4651-8076-C48564DF3E6B}.Release|iPhoneSimulator.Build.0 = Release|Any CPU
		{0691915E-29BB-4651-8076-C48564DF3E6B}.Release|iPhoneSimulator.Deploy.0 = Release|Any CPU
	EndGlobalSection
	GlobalSection(SolutionProperties) = preSolution
		HideSolutionNode = FALSE
	EndGlobalSection
	GlobalSection(ExtensibilityGlobals) = postSolution
		SolutionGuid = {74F49FFA-51C5-4A7D-BDCA-E8A41805D9BB}
	EndGlobalSection
EndGlobal
